// !$*UTF8*$!
{
	archiveVersion = 1;
	classes = {
	};
	objectVersion = 50;
	objects = {

/* Begin PBXBuildFile section */
		589FE13B23C525A400DBF72F /* AppDelegate.swift in Sources */ = {isa = PBXBuildFile; fileRef = 589FE13A23C525A400DBF72F /* AppDelegate.swift */; };
		589FE13D23C525A400DBF72F /* SceneDelegate.swift in Sources */ = {isa = PBXBuildFile; fileRef = 589FE13C23C525A400DBF72F /* SceneDelegate.swift */; };
		589FE13F23C525A400DBF72F /* ViewController.swift in Sources */ = {isa = PBXBuildFile; fileRef = 589FE13E23C525A400DBF72F /* ViewController.swift */; };
		589FE14223C525A400DBF72F /* Main.storyboard in Resources */ = {isa = PBXBuildFile; fileRef = 589FE14023C525A400DBF72F /* Main.storyboard */; };
		589FE14423C525A400DBF72F /* Assets.xcassets in Resources */ = {isa = PBXBuildFile; fileRef = 589FE14323C525A400DBF72F /* Assets.xcassets */; };
		589FE14723C525A400DBF72F /* LaunchScreen.storyboard in Resources */ = {isa = PBXBuildFile; fileRef = 589FE14523C525A400DBF72F /* LaunchScreen.storyboard */; };
/* End PBXBuildFile section */

/* Begin PBXFileReference section */
		589FE13723C525A400DBF72F /* SpeechSynthesis.app */ = {isa = PBXFileReference; explicitFileType = wrapper.application; includeInIndex = 0; path = SpeechSynthesis.app; sourceTree = BUILT_PRODUCTS_DIR; };
		589FE13A23C525A400DBF72F /* AppDelegate.swift */ = {isa = PBXFileReference; lastKnownFileType = sourcecode.swift; path = AppDelegate.swift; sourceTree = "<group>"; };
		589FE13C23C525A400DBF72F /* SceneDelegate.swift */ = {isa = PBXFileReference; lastKnownFileType = sourcecode.swift; path = SceneDelegate.swift; sourceTree = "<group>"; };
		589FE13E23C525A400DBF72F /* ViewController.swift */ = {isa = PBXFileReference; lastKnownFileType = sourcecode.swift; path = ViewController.swift; sourceTree = "<group>"; };
		589FE14123C525A400DBF72F /* Base */ = {isa = PBXFileReference; lastKnownFileType = file.storyboard; name = Base; path = Base.lproj/Main.storyboard; sourceTree = "<group>"; };
		589FE14323C525A400DBF72F /* Assets.xcassets */ = {isa = PBXFileReference; lastKnownFileType = folder.assetcatalog; path = Assets.xcassets; sourceTree = "<group>"; };
		589FE14623C525A400DBF72F /* Base */ = {isa = PBXFileReference; lastKnownFileType = file.storyboard; name = Base; path = Base.lproj/LaunchScreen.storyboard; sourceTree = "<group>"; };
		589FE14823C525A400DBF72F /* Info.plist */ = {isa = PBXFileReference; lastKnownFileType = text.plist.xml; path = Info.plist; sourceTree = "<group>"; };
/* End PBXFileReference section */

/* Begin PBXFrameworksBuildPhase section */
		589FE13423C525A400DBF72F /* Frameworks */ = {
			isa = PBXFrameworksBuildPhase;
			buildActionMask = 2147483647;
			files = (
			);
			runOnlyForDeploymentPostprocessing = 0;
		};
/* End PBXFrameworksBuildPhase section */

/* Begin PBXGroup section */
		589FE12E23C525A400DBF72F = {
			isa = PBXGroup;
			children = (
				589FE13923C525A400DBF72F /* SpeechSynthesis */,
				589FE13823C525A400DBF72F /* Products */,
			);
			sourceTree = "<group>";
		};
		589FE13823C525A400DBF72F /* Products */ = {
			isa = PBXGroup;
			children = (
				589FE13723C525A400DBF72F /* SpeechSynthesis.app */,
			);
			name = Products;
			sourceTree = "<group>";
		};
		589FE13923C525A400DBF72F /* SpeechSynthesis */ = {
			isa = PBXGroup;
			children = (
				589FE13A23C525A400DBF72F /* AppDelegate.swift */,
				589FE13C23C525A400DBF72F /* SceneDelegate.swift */,
				589FE13E23C525A400DBF72F /* ViewController.swift */,
				589FE14023C525A400DBF72F /* Main.storyboard */,
				589FE14323C525A400DBF72F /* Assets.xcassets */,
				589FE14523C525A400DBF72F /* LaunchScreen.storyboard */,
				589FE14823C525A400DBF72F /* Info.plist */,
			);
			path = SpeechSynthesis;
			sourceTree = "<group>";
		};
/* End PBXGroup section */

/* Begin PBXNativeTarget section */
		589FE13623C525A400DBF72F /* SpeechSynthesis */ = {
			isa = PBXNativeTarget;
			buildConfigurationList = 589FE14B23C525A400DBF72F /* Build configuration list for PBXNativeTarget "SpeechSynthesis" */;
			buildPhases = (
				589FE13323C525A400DBF72F /* Sources */,
				589FE13423C525A400DBF72F /* Frameworks */,
				589FE13523C525A400DBF72F /* Resources */,
			);
			buildRules = (
			);
			dependencies = (
			);
			name = SpeechSynthesis;
			productName = SpeechSynthesis;
			productReference = 589FE13723C525A400DBF72F /* SpeechSynthesis.app */;
			productType = "com.apple.product-type.application";
		};
/* End PBXNativeTarget section */

/* Begin PBXProject section */
		589FE12F23C525A400DBF72F /* Project object */ = {
			isa = PBXProject;
			attributes = {
				LastSwiftUpdateCheck = 1130;
				LastUpgradeCheck = 1130;
				ORGANIZATIONNAME = "Rick Wierenga";
				TargetAttributes = {
					589FE13623C525A400DBF72F = {
						CreatedOnToolsVersion = 11.3;
					};
				};
			};
			buildConfigurationList = 589FE13223C525A400DBF72F /* Build configuration list for PBXProject "SpeechSynthesis" */;
			compatibilityVersion = "Xcode 9.3";
			developmentRegion = en;
			hasScannedForEncodings = 0;
			knownRegions = (
				en,
				Base,
			);
			mainGroup = 589FE12E23C525A400DBF72F;
			productRefGroup = 589FE13823C525A400DBF72F /* Products */;
			projectDirPath = "";
			projectRoot = "";
			targets = (
				589FE13623C525A400DBF72F /* SpeechSynthesis */,
			);
		};
/* End PBXProject section */

/* Begin PBXResourcesBuildPhase section */
		589FE13523C525A400DBF72F /* Resources */ = {
			isa = PBXResourcesBuildPhase;
			buildActionMask = 2147483647;
			files = (
				589FE14723C525A400DBF72F /* LaunchScreen.storyboard in Resources */,
				589FE14423C525A400DBF72F /* Assets.xcassets in Resources */,
				589FE14223C525A400DBF72F /* Main.storyboard in Resources */,
			);
			runOnlyForDeploymentPostprocessing = 0;
		};
/* End PBXResourcesBuildPhase section */

/* Begin PBXSourcesBuildPhase section */
		589FE13323C525A400DBF72F /* Sources */ = {
			isa = PBXSourcesBuildPhase;
			buildActionMask = 2147483647;
			files = (
				589FE13F23C525A400DBF72F /* ViewController.swift in Sources */,
				589FE13B23C525A400DBF72F /* AppDelegate.swift in Sources */,
				589FE13D23C525A400DBF72F /* SceneDelegate.swift in Sources */,
			);
			runOnlyForDeploymentPostprocessing = 0;
		};
/* End PBXSourcesBuildPhase section */

/* Begin PBXVariantGroup section */
		589FE14023C525A400DBF72F /* Main.storyboard */ = {
			isa = PBXVariantGroup;
			children = (
				589FE14123C525A400DBF72F /* Base */,
			);
			name = Main.storyboard;
			sourceTree = "<group>";
		};
		589FE14523C525A400DBF72F /* LaunchScreen.storyboard */ = {
			isa = PBXVariantGroup;
			children = (
				589FE14623C525A400DBF72F /* Base */,
			);
			name = LaunchScreen.storyboard;
			sourceTree = "<group>";
		};
/* End PBXVariantGroup section */

/* Begin XCBuildConfiguration section */
		589FE14923C525A400DBF72F /* Debug */ = {
			isa = XCBuildConfiguration;
			buildSettings = {
				ALWAYS_SEARCH_USER_PATHS = NO;
				CLANG_ANALYZER_NONNULL = YES;
				CLANG_ANALYZER_NUMBER_OBJECT_CONVERSION = YES_AGGRESSIVE;
				CLANG_CXX_LANGUAGE_STANDARD = "gnu++14";
				CLANG_CXX_LIBRARY = "libc++";
				CLANG_ENABLE_MODULES = YES;
				CLANG_ENABLE_OBJC_ARC = YES;
				CLANG_ENABLE_OBJC_WEAK = YES;
				CLANG_WARN_BLOCK_CAPTURE_AUTORELEASING = YES;
				CLANG_WARN_BOOL_CONVERSION = YES;
				CLANG_WARN_COMMA = YES;
				CLANG_WARN_CONSTANT_CONVERSION = YES;
				CLANG_WARN_DEPRECATED_OBJC_IMPLEMENTATIONS = YES;
				CLANG_WARN_DIRECT_OBJC_ISA_USAGE = YES_ERROR;
				CLANG_WARN_DOCUMENTATION_COMMENTS = YES;
				CLANG_WARN_EMPTY_BODY = YES;
				CLANG_WARN_ENUM_CONVERSION = YES;
				CLANG_WARN_INFINITE_RECURSION = YES;
				CLANG_WARN_INT_CONVERSION = YES;
				CLANG_WARN_NON_LITERAL_NULL_CONVERSION = YES;
				CLANG_WARN_OBJC_IMPLICIT_RETAIN_SELF = YES;
				CLANG_WARN_OBJC_LITERAL_CONVERSION = YES;
				CLANG_WARN_OBJC_ROOT_CLASS = YES_ERROR;
				CLANG_WARN_RANGE_LOOP_ANALYSIS = YES;
				CLANG_WARN_STRICT_PROTOTYPES = YES;
				CLANG_WARN_SUSPICIOUS_MOVE = YES;
				CLANG_WARN_UNGUARDED_AVAILABILITY = YES_AGGRESSIVE;
				CLANG_WARN_UNREACHABLE_CODE = YES;
				CLANG_WARN__DUPLICATE_METHOD_MATCH = YES;
				COPY_PHASE_STRIP = NO;
				DEBUG_INFORMATION_FORMAT = dwarf;
				ENABLE_STRICT_OBJC_MSGSEND = YES;
				ENABLE_TESTABILITY = YES;
				GCC_C_LANGUAGE_STANDARD = gnu11;
				GCC_DYNAMIC_NO_PIC = NO;
				GCC_NO_COMMON_BLOCKS = YES;
				GCC_OPTIMIZATION_LEVEL = 0;
				GCC_PREPROCESSOR_DEFINITIONS = (
					"DEBUG=1",
					"$(inherited)",
				);
				GCC_WARN_64_TO_32_BIT_CONVERSION = YES;
				GCC_WARN_ABOUT_RETURN_TYPE = YES_ERROR;
				GCC_WARN_UNDECLARED_SELECTOR = YES;
				GCC_WARN_UNINITIALIZED_AUTOS = YES_AGGRESSIVE;
				GCC_WARN_UNUSED_FUNCTION = YES;
				GCC_WARN_UNUSED_VARIABLE = YES;
				IPHONEOS_DEPLOYMENT_TARGET = 13.2;
				MTL_ENABLE_DEBUG_INFO = INCLUDE_SOURCE;
				MTL_FAST_MATH = YES;
				ONLY_ACTIVE_ARCH = YES;
				SDKROOT = iphoneos;
				SWIFT_ACTIVE_COMPILATION_CONDITIONS = DEBUG;
				SWIFT_OPTIMIZATION_LEVEL = "-Onone";
			};
			name = Debug;
		};
		589FE14A23C525A400DBF72F /* Release */ = {
			isa = XCBuildConfiguration;
			buildSettings = {
				ALWAYS_SEARCH_USER_PATHS = NO;
				CLANG_ANALYZER_NONNULL = YES;
				CLANG_ANALYZER_NUMBER_OBJECT_CONVERSION = YES_AGGRESSIVE;
				CLANG_CXX_LANGUAGE_STANDARD = "gnu++14";
				CLANG_CXX_LIBRARY = "libc++";
				CLANG_ENABLE_MODULES = YES;
				CLANG_ENABLE_OBJC_ARC = YES;
				CLANG_ENABLE_OBJC_WEAK = YES;
				CLANG_WARN_BLOCK_CAPTURE_AUTORELEASING = YES;
				CLANG_WARN_BOOL_CONVERSION = YES;
				CLANG_WARN_COMMA = YES;
				CLANG_WARN_CONSTANT_CONVERSION = YES;
				CLANG_WARN_DEPRECATED_OBJC_IMPLEMENTATIONS = YES;
				CLANG_WARN_DIRECT_OBJC_ISA_USAGE = YES_ERROR;
				CLANG_WARN_DOCUMENTATION_COMMENTS = YES;
				CLANG_WARN_EMPTY_BODY = YES;
				CLANG_WARN_ENUM_CONVERSION = YES;
				CLANG_WARN_INFINITE_RECURSION = YES;
				CLANG_WARN_INT_CONVERSION = YES;
				CLANG_WARN_NON_LITERAL_NULL_CONVERSION = YES;
				CLANG_WARN_OBJC_IMPLICIT_RETAIN_SELF = YES;
				CLANG_WARN_OBJC_LITERAL_CONVERSION = YES;
				CLANG_WARN_OBJC_ROOT_CLASS = YES_ERROR;
				CLANG_WARN_RANGE_LOOP_ANALYSIS = YES;
				CLANG_WARN_STRICT_PROTOTYPES = YES;
				CLANG_WARN_SUSPICIOUS_MOVE = YES;
				CLANG_WARN_UNGUARDED_AVAILABILITY = YES_AGGRESSIVE;
				CLANG_WARN_UNREACHABLE_CODE = YES;
				CLANG_WARN__DUPLICATE_METHOD_MATCH = YES;
				COPY_PHASE_STRIP = NO;
				DEBUG_INFORMATION_FORMAT = "dwarf-with-dsym";
				ENABLE_NS_ASSERTIONS = NO;
				ENABLE_STRICT_OBJC_MSGSEND = YES;
				GCC_C_LANGUAGE_STANDARD = gnu11;
				GCC_NO_COMMON_BLOCKS = YES;
				GCC_WARN_64_TO_32_BIT_CONVERSION = YES;
				GCC_WARN_ABOUT_RETURN_TYPE = YES_ERROR;
				GCC_WARN_UNDECLARED_SELECTOR = YES;
				GCC_WARN_UNINITIALIZED_AUTOS = YES_AGGRESSIVE;
				GCC_WARN_UNUSED_FUNCTION = YES;
				GCC_WARN_UNUSED_VARIABLE = YES;
				IPHONEOS_DEPLOYMENT_TARGET = 13.2;
				MTL_ENABLE_DEBUG_INFO = NO;
				MTL_FAST_MATH = YES;
				SDKROOT = iphoneos;
				SWIFT_COMPILATION_MODE = wholemodule;
				SWIFT_OPTIMIZATION_LEVEL = "-O";
				VALIDATE_PRODUCT = YES;
			};
			name = Release;
		};
		589FE14C23C525A400DBF72F /* Debug */ = {
			isa = XCBuildConfiguration;
			buildSettings = {
				ASSETCATALOG_COMPILER_APPICON_NAME = AppIcon;
				CODE_SIGN_STYLE = Automatic;
				DEVELOPMENT_TEAM = S23Q9DM44M;
				INFOPLIST_FILE = SpeechSynthesis/Info.plist;
				LD_RUNPATH_SEARCH_PATHS = (
					"$(inherited)",
					"@executable_path/Frameworks",
				);
				PRODUCT_BUNDLE_IDENTIFIER = com.rickwierenga.SpeechSynthesis;
				PRODUCT_NAME = "$(TARGET_NAME)";
				SWIFT_VERSION = 5.0;
				TARGETED_DEVICE_FAMILY = "1,2";
			};
			name = Debug;
		};
		589FE14D23C525A400DBF72F /* Release */ = {
			isa = XCBuildConfiguration;
			buildSettings = {
				ASSETCATALOG_COMPILER_APPICON_NAME = AppIcon;
				CODE_SIGN_STYLE = Automatic;
				DEVELOPMENT_TEAM = S23Q9DM44M;
				INFOPLIST_FILE = SpeechSynthesis/Info.plist;
				LD_RUNPATH_SEARCH_PATHS = (
					"$(inherited)",
					"@executable_path/Frameworks",
				);
				PRODUCT_BUNDLE_IDENTIFIER = com.rickwierenga.SpeechSynthesis;
				PRODUCT_NAME = "$(TARGET_NAME)";
				SWIFT_VERSION = 5.0;
				TARGETED_DEVICE_FAMILY = "1,2";
			};
			name = Release;
		};
/* End XCBuildConfiguration section */

/* Begin XCConfigurationList section */
		589FE13223C525A400DBF72F /* Build configuration list for PBXProject "SpeechSynthesis" */ = {
			isa = XCConfigurationList;
			buildConfigurations = (
				589FE14923C525A400DBF72F /* Debug */,
				589FE14A23C525A400DBF72F /* Release */,
			);
			defaultConfigurationIsVisible = 0;
			defaultConfigurationName = Release;
		};
		589FE14B23C525A400DBF72F /* Build configuration list for PBXNativeTarget "SpeechSynthesis" */ = {
			isa = XCConfigurationList;
			buildConfigurations = (
				589FE14C23C525A400DBF72F /* Debug */,
				589FE14D23C525A400DBF72F /* Release */,
			);
			defaultConfigurationIsVisible = 0;
			defaultConfigurationName = Release;
		};
/* End XCConfigurationList section */
	};
	rootObject = 589FE12F23C525A400DBF72F /* Project object */;
}
